{
  "name": "first-node-project",
  "version": "1.0.0",
  "lockfileVersion": 1,
  "requires": true,
  "dependencies": {
    "@types/faker": {
      "version": "5.5.1",
      "resolved": "https://registry.npmjs.org/@types/faker/-/faker-5.5.1.tgz",
      "integrity": "sha512-JXGjV76oEUZUOSAr3bP5txETYoq0XDOQA8BpOz8Wc3EuvfF7sUVquf/EvM3aphuVKuVaYDSDu523/mAHnqrcvg==",
      "dev": true
    },
    "@types/highlight.js": {
      "version": "9.12.4",
      "resolved": "https://registry.npmjs.org/@types/highlight.js/-/highlight.js-9.12.4.tgz",
      "integrity": "sha512-t2szdkwmg2JJyuCM20e8kR2X59WCE5Zkl4bzm1u1Oukjm79zpbiAv+QjnwLnuuV0WHEcX2NgUItu0pAMKuOPww==",
      "dev": true
    },
    "@types/node": {
      "version": "14.14.37",
      "resolved": "https://registry.npmjs.org/@types/node/-/node-14.14.37.tgz",
      "integrity": "sha512-XYmBiy+ohOR4Lh5jE379fV2IU+6Jn4g5qASinhitfyO71b/sCo6MKsMLF5tc7Zf2CE8hViVQyYSobJNke8OvUw==",
      "dev": true
    },
    "@types/remarkable": {
      "version": "2.0.1",
      "resolved": "https://registry.npmjs.org/@types/remarkable/-/remarkable-2.0.1.tgz",
      "integrity": "sha512-4KTpW8aVjVkTgaWlEOAuorBAdlUrvlzzPlVrt9vsAAM6nB/nUln7j0bcIRLdUH0Sf2g6ZPVBfibm4+8y1glFwQ==",
      "dev": true,
      "requires": {
        "@types/highlight.js": "^9.7.0",
        "highlight.js": "^9.7.0"
      }
    },
    "faker": {
      "version": "5.5.3",
      "resolved": "https://registry.npmjs.org/faker/-/faker-5.5.3.tgz",
      "integrity": "sha512-wLTv2a28wjUyWkbnX7u/ABZBkUkIF2fCd73V6P2oFqEGEktDfzWx4UxrSqtPRw0xPRAcjeAOIiJWqZm3pP4u3g=="
    },
    "highlight.js": {
      "version": "9.18.5",
      "resolved": "https://registry.npmjs.org/highlight.js/-/highlight.js-9.18.5.tgz",
      "integrity": "sha512-a5bFyofd/BHCX52/8i8uJkjr9DYwXIPnM/plwI6W7ezItLGqzt7X2G2nXuYSfsIJdkwwj/g9DG1LkcGJI/dDoA==",
      "dev": true
    }
  }
}
